// !$*UTF8*$!
{
	archiveVersion = 1;
	classes = {
	};
	objectVersion = 46;
	objects = {

/* Begin PBXBuildFile section */
		E322F9301AA34E8F001A514B /* AppDelegate.swift in Sources */ = {isa = PBXBuildFile; fileRef = E322F92F1AA34E8F001A514B /* AppDelegate.swift */; };
		E322F9371AA34E8F001A514B /* Main.storyboard in Resources */ = {isa = PBXBuildFile; fileRef = E322F9351AA34E8F001A514B /* Main.storyboard */; };
		E322F9391AA34E8F001A514B /* Images.xcassets in Resources */ = {isa = PBXBuildFile; fileRef = E322F9381AA34E8F001A514B /* Images.xcassets */; };
		E322F93C1AA34E8F001A514B /* LaunchScreen.xib in Resources */ = {isa = PBXBuildFile; fileRef = E322F93A1AA34E8F001A514B /* LaunchScreen.xib */; };
		E322F9481AA34E8F001A514B /* OpenWeatherMapTests.swift in Sources */ = {isa = PBXBuildFile; fileRef = E322F9471AA34E8F001A514B /* OpenWeatherMapTests.swift */; };
		E322F9531AA35134001A514B /* LoginViewController.swift in Sources */ = {isa = PBXBuildFile; fileRef = E322F9521AA35134001A514B /* LoginViewController.swift */; };
		E322F9551AA35149001A514B /* DashViewController.swift in Sources */ = {isa = PBXBuildFile; fileRef = E322F9541AA35149001A514B /* DashViewController.swift */; };
		E322F9571AA35474001A514B /* ReportViewController.swift in Sources */ = {isa = PBXBuildFile; fileRef = E322F9561AA35474001A514B /* ReportViewController.swift */; };
		E322F9591AA35488001A514B /* MapViewController.swift in Sources */ = {isa = PBXBuildFile; fileRef = E322F9581AA35488001A514B /* MapViewController.swift */; };
		E322F95B1AA354A6001A514B /* CoreLocation.framework in Frameworks */ = {isa = PBXBuildFile; fileRef = E322F95A1AA354A6001A514B /* CoreLocation.framework */; };
		E322F95D1AA36A4C001A514B /* MapKit.framework in Frameworks */ = {isa = PBXBuildFile; fileRef = E322F95C1AA36A4C001A514B /* MapKit.framework */; };
/* End PBXBuildFile section */

/* Begin PBXContainerItemProxy section */
		E322F9421AA34E8F001A514B /* PBXContainerItemProxy */ = {
			isa = PBXContainerItemProxy;
			containerPortal = E322F9221AA34E8F001A514B /* Project object */;
			proxyType = 1;
			remoteGlobalIDString = E322F9291AA34E8F001A514B;
			remoteInfo = OpenWeatherMap;
		};
/* End PBXContainerItemProxy section */

/* Begin PBXFileReference section */
		E322F92A1AA34E8F001A514B /* OpenWeatherMap.app */ = {isa = PBXFileReference; explicitFileType = wrapper.application; includeInIndex = 0; path = OpenWeatherMap.app; sourceTree = BUILT_PRODUCTS_DIR; };
		E322F92E1AA34E8F001A514B /* Info.plist */ = {isa = PBXFileReference; lastKnownFileType = text.plist.xml; path = Info.plist; sourceTree = "<group>"; };
		E322F92F1AA34E8F001A514B /* AppDelegate.swift */ = {isa = PBXFileReference; lastKnownFileType = sourcecode.swift; path = AppDelegate.swift; sourceTree = "<group>"; };
		E322F9361AA34E8F001A514B /* Base */ = {isa = PBXFileReference; lastKnownFileType = file.storyboard; name = Base; path = Base.lproj/Main.storyboard; sourceTree = "<group>"; };
		E322F9381AA34E8F001A514B /* Images.xcassets */ = {isa = PBXFileReference; lastKnownFileType = folder.assetcatalog; path = Images.xcassets; sourceTree = "<group>"; };
		E322F93B1AA34E8F001A514B /* Base */ = {isa = PBXFileReference; lastKnownFileType = file.xib; name = Base; path = Base.lproj/LaunchScreen.xib; sourceTree = "<group>"; };
		E322F9411AA34E8F001A514B /* OpenWeatherMapTests.xctest */ = {isa = PBXFileReference; explicitFileType = wrapper.cfbundle; includeInIndex = 0; path = OpenWeatherMapTests.xctest; sourceTree = BUILT_PRODUCTS_DIR; };
		E322F9461AA34E8F001A514B /* Info.plist */ = {isa = PBXFileReference; lastKnownFileType = text.plist.xml; path = Info.plist; sourceTree = "<group>"; };
		E322F9471AA34E8F001A514B /* OpenWeatherMapTests.swift */ = {isa = PBXFileReference; lastKnownFileType = sourcecode.swift; path = OpenWeatherMapTests.swift; sourceTree = "<group>"; };
		E322F9521AA35134001A514B /* LoginViewController.swift */ = {isa = PBXFileReference; fileEncoding = 4; lastKnownFileType = sourcecode.swift; path = LoginViewController.swift; sourceTree = "<group>"; };
		E322F9541AA35149001A514B /* DashViewController.swift */ = {isa = PBXFileReference; fileEncoding = 4; lastKnownFileType = sourcecode.swift; path = DashViewController.swift; sourceTree = "<group>"; };
		E322F9561AA35474001A514B /* ReportViewController.swift */ = {isa = PBXFileReference; fileEncoding = 4; lastKnownFileType = sourcecode.swift; path = ReportViewController.swift; sourceTree = "<group>"; };
		E322F9581AA35488001A514B /* MapViewController.swift */ = {isa = PBXFileReference; fileEncoding = 4; lastKnownFileType = sourcecode.swift; path = MapViewController.swift; sourceTree = "<group>"; };
		E322F95A1AA354A6001A514B /* CoreLocation.framework */ = {isa = PBXFileReference; lastKnownFileType = wrapper.framework; name = CoreLocation.framework; path = System/Library/Frameworks/CoreLocation.framework; sourceTree = SDKROOT; };
		E322F95C1AA36A4C001A514B /* MapKit.framework */ = {isa = PBXFileReference; lastKnownFileType = wrapper.framework; name = MapKit.framework; path = System/Library/Frameworks/MapKit.framework; sourceTree = SDKROOT; };
/* End PBXFileReference section */

/* Begin PBXFrameworksBuildPhase section */
		E322F9271AA34E8F001A514B /* Frameworks */ = {
			isa = PBXFrameworksBuildPhase;
			buildActionMask = 2147483647;
			files = (
				E322F95D1AA36A4C001A514B /* MapKit.framework in Frameworks */,
				E322F95B1AA354A6001A514B /* CoreLocation.framework in Frameworks */,
			);
			runOnlyForDeploymentPostprocessing = 0;
		};
		E322F93E1AA34E8F001A514B /* Frameworks */ = {
			isa = PBXFrameworksBuildPhase;
			buildActionMask = 2147483647;
			files = (
			);
			runOnlyForDeploymentPostprocessing = 0;
		};
/* End PBXFrameworksBuildPhase section */

/* Begin PBXGroup section */
		E322F9211AA34E8F001A514B = {
			isa = PBXGroup;
			children = (
				E322F95C1AA36A4C001A514B /* MapKit.framework */,
				E322F95A1AA354A6001A514B /* CoreLocation.framework */,
				E322F92C1AA34E8F001A514B /* OpenWeatherMap */,
				E322F9441AA34E8F001A514B /* OpenWeatherMapTests */,
				E322F92B1AA34E8F001A514B /* Products */,
			);
			sourceTree = "<group>";
		};
		E322F92B1AA34E8F001A514B /* Products */ = {
			isa = PBXGroup;
			children = (
				E322F92A1AA34E8F001A514B /* OpenWeatherMap.app */,
				E322F9411AA34E8F001A514B /* OpenWeatherMapTests.xctest */,
			);
			name = Products;
			sourceTree = "<group>";
		};
		E322F92C1AA34E8F001A514B /* OpenWeatherMap */ = {
			isa = PBXGroup;
			children = (
				E322F9511AA3511A001A514B /* ViewControllers */,
				E322F92F1AA34E8F001A514B /* AppDelegate.swift */,
				E322F9351AA34E8F001A514B /* Main.storyboard */,
				E322F9381AA34E8F001A514B /* Images.xcassets */,
				E322F93A1AA34E8F001A514B /* LaunchScreen.xib */,
				E322F92D1AA34E8F001A514B /* Supporting Files */,
			);
			path = OpenWeatherMap;
			sourceTree = "<group>";
		};
		E322F92D1AA34E8F001A514B /* Supporting Files */ = {
			isa = PBXGroup;
			children = (
				E322F92E1AA34E8F001A514B /* Info.plist */,
			);
			name = "Supporting Files";
			sourceTree = "<group>";
		};
		E322F9441AA34E8F001A514B /* OpenWeatherMapTests */ = {
			isa = PBXGroup;
			children = (
				E322F9471AA34E8F001A514B /* OpenWeatherMapTests.swift */,
				E322F9451AA34E8F001A514B /* Supporting Files */,
			);
			path = OpenWeatherMapTests;
			sourceTree = "<group>";
		};
		E322F9451AA34E8F001A514B /* Supporting Files */ = {
			isa = PBXGroup;
			children = (
				E322F9461AA34E8F001A514B /* Info.plist */,
			);
			name = "Supporting Files";
			sourceTree = "<group>";
		};
		E322F9511AA3511A001A514B /* ViewControllers */ = {
			isa = PBXGroup;
			children = (
				E322F9521AA35134001A514B /* LoginViewController.swift */,
				E322F9541AA35149001A514B /* DashViewController.swift */,
				E322F9561AA35474001A514B /* ReportViewController.swift */,
				E322F9581AA35488001A514B /* MapViewController.swift */,
			);
			path = ViewControllers;
			sourceTree = "<group>";
		};
/* End PBXGroup section */

/* Begin PBXNativeTarget section */
		E322F9291AA34E8F001A514B /* OpenWeatherMap */ = {
			isa = PBXNativeTarget;
			buildConfigurationList = E322F94B1AA34E8F001A514B /* Build configuration list for PBXNativeTarget "OpenWeatherMap" */;
			buildPhases = (
				E322F9261AA34E8F001A514B /* Sources */,
				E322F9271AA34E8F001A514B /* Frameworks */,
				E322F9281AA34E8F001A514B /* Resources */,
			);
			buildRules = (
			);
			dependencies = (
			);
			name = OpenWeatherMap;
			productName = OpenWeatherMap;
			productReference = E322F92A1AA34E8F001A514B /* OpenWeatherMap.app */;
			productType = "com.apple.product-type.application";
		};
		E322F9401AA34E8F001A514B /* OpenWeatherMapTests */ = {
			isa = PBXNativeTarget;
			buildConfigurationList = E322F94E1AA34E8F001A514B /* Build configuration list for PBXNativeTarget "OpenWeatherMapTests" */;
			buildPhases = (
				E322F93D1AA34E8F001A514B /* Sources */,
				E322F93E1AA34E8F001A514B /* Frameworks */,
				E322F93F1AA34E8F001A514B /* Resources */,
			);
			buildRules = (
			);
			dependencies = (
				E322F9431AA34E8F001A514B /* PBXTargetDependency */,
			);
			name = OpenWeatherMapTests;
			productName = OpenWeatherMapTests;
			productReference = E322F9411AA34E8F001A514B /* OpenWeatherMapTests.xctest */;
			productType = "com.apple.product-type.bundle.unit-test";
		};
/* End PBXNativeTarget section */

/* Begin PBXProject section */
		E322F9221AA34E8F001A514B /* Project object */ = {
			isa = PBXProject;
			attributes = {
				LastUpgradeCheck = 0630;
				ORGANIZATIONNAME = Teanamics;
				TargetAttributes = {
					E322F9291AA34E8F001A514B = {
						CreatedOnToolsVersion = 6.3;
					};
					E322F9401AA34E8F001A514B = {
						CreatedOnToolsVersion = 6.3;
						TestTargetID = E322F9291AA34E8F001A514B;
					};
				};
			};
			buildConfigurationList = E322F9251AA34E8F001A514B /* Build configuration list for PBXProject "OpenWeatherMap" */;
			compatibilityVersion = "Xcode 3.2";
			developmentRegion = English;
			hasScannedForEncodings = 0;
			knownRegions = (
				en,
				Base,
			);
			mainGroup = E322F9211AA34E8F001A514B;
			productRefGroup = E322F92B1AA34E8F001A514B /* Products */;
			projectDirPath = "";
			projectRoot = "";
			targets = (
				E322F9291AA34E8F001A514B /* OpenWeatherMap */,
				E322F9401AA34E8F001A514B /* OpenWeatherMapTests */,
			);
		};
/* End PBXProject section */

/* Begin PBXResourcesBuildPhase section */
		E322F9281AA34E8F001A514B /* Resources */ = {
			isa = PBXResourcesBuildPhase;
			buildActionMask = 2147483647;
			files = (
				E322F9371AA34E8F001A514B /* Main.storyboard in Resources */,
				E322F93C1AA34E8F001A514B /* LaunchScreen.xib in Resources */,
				E322F9391AA34E8F001A514B /* Images.xcassets in Resources */,
			);
			runOnlyForDeploymentPostprocessing = 0;
		};
		E322F93F1AA34E8F001A514B /* Resources */ = {
			isa = PBXResourcesBuildPhase;
			buildActionMask = 2147483647;
			files = (
			);
			runOnlyForDeploymentPostprocessing = 0;
		};
/* End PBXResourcesBuildPhase section */

/* Begin PBXSourcesBuildPhase section */
		E322F9261AA34E8F001A514B /* Sources */ = {
			isa = PBXSourcesBuildPhase;
			buildActionMask = 2147483647;
			files = (
				E322F9571AA35474001A514B /* ReportViewController.swift in Sources */,
				E322F9531AA35134001A514B /* LoginViewController.swift in Sources */,
				E322F9551AA35149001A514B /* DashViewController.swift in Sources */,
				E322F9591AA35488001A514B /* MapViewController.swift in Sources */,
				E322F9301AA34E8F001A514B /* AppDelegate.swift in Sources */,
			);
			runOnlyForDeploymentPostprocessing = 0;
		};
		E322F93D1AA34E8F001A514B /* Sources */ = {
			isa = PBXSourcesBuildPhase;
			buildActionMask = 2147483647;
			files = (
				E322F9481AA34E8F001A514B /* OpenWeatherMapTests.swift in Sources */,
			);
			runOnlyForDeploymentPostprocessing = 0;
		};
/* End PBXSourcesBuildPhase section */

/* Begin PBXTargetDependency section */
		E322F9431AA34E8F001A514B /* PBXTargetDependency */ = {
			isa = PBXTargetDependency;
			target = E322F9291AA34E8F001A514B /* OpenWeatherMap */;
			targetProxy = E322F9421AA34E8F001A514B /* PBXContainerItemProxy */;
		};
/* End PBXTargetDependency section */

/* Begin PBXVariantGroup section */
		E322F9351AA34E8F001A514B /* Main.storyboard */ = {
			isa = PBXVariantGroup;
			children = (
				E322F9361AA34E8F001A514B /* Base */,
			);
			name = Main.storyboard;
			sourceTree = "<group>";
		};
		E322F93A1AA34E8F001A514B /* LaunchScreen.xib */ = {
			isa = PBXVariantGroup;
			children = (
				E322F93B1AA34E8F001A514B /* Base */,
			);
			name = LaunchScreen.xib;
			sourceTree = "<group>";
		};
/* End PBXVariantGroup section */

/* Begin XCBuildConfiguration section */
		E322F9491AA34E8F001A514B /* Debug */ = {
			isa = XCBuildConfiguration;
			buildSettings = {
				ALWAYS_SEARCH_USER_PATHS = NO;
				CLANG_CXX_LANGUAGE_STANDARD = "gnu++0x";
				CLANG_CXX_LIBRARY = "libc++";
				CLANG_ENABLE_MODULES = YES;
				CLANG_ENABLE_OBJC_ARC = YES;
				CLANG_WARN_BOOL_CONVERSION = YES;
				CLANG_WARN_CONSTANT_CONVERSION = YES;
				CLANG_WARN_DIRECT_OBJC_ISA_USAGE = YES_ERROR;
				CLANG_WARN_EMPTY_BODY = YES;
				CLANG_WARN_ENUM_CONVERSION = YES;
				CLANG_WARN_INT_CONVERSION = YES;
				CLANG_WARN_OBJC_ROOT_CLASS = YES_ERROR;
				CLANG_WARN_UNREACHABLE_CODE = YES;
				CLANG_WARN__DUPLICATE_METHOD_MATCH = YES;
				"CODE_SIGN_IDENTITY[sdk=iphoneos*]" = "iPhone Developer";
				COPY_PHASE_STRIP = NO;
				DEBUG_INFORMATION_FORMAT = dwarf;
				ENABLE_STRICT_OBJC_MSGSEND = YES;
				GCC_C_LANGUAGE_STANDARD = gnu99;
				GCC_DYNAMIC_NO_PIC = NO;
				GCC_NO_COMMON_BLOCKS = YES;
				GCC_OPTIMIZATION_LEVEL = 0;
				GCC_PREPROCESSOR_DEFINITIONS = (
					"DEBUG=1",
					"$(inherited)",
				);
				GCC_SYMBOLS_PRIVATE_EXTERN = NO;
				GCC_WARN_64_TO_32_BIT_CONVERSION = YES;
				GCC_WARN_ABOUT_RETURN_TYPE = YES_ERROR;
				GCC_WARN_UNDECLARED_SELECTOR = YES;
				GCC_WARN_UNINITIALIZED_AUTOS = YES_AGGRESSIVE;
				GCC_WARN_UNUSED_FUNCTION = YES;
				GCC_WARN_UNUSED_VARIABLE = YES;
				IPHONEOS_DEPLOYMENT_TARGET = 8.3;
				MTL_ENABLE_DEBUG_INFO = YES;
				ONLY_ACTIVE_ARCH = YES;
				SDKROOT = iphoneos;
				SWIFT_OPTIMIZATION_LEVEL = "-Onone";
			};
			name = Debug;
		};
		E322F94A1AA34E8F001A514B /* Release */ = {
			isa = XCBuildConfiguration;
			buildSettings = {
				ALWAYS_SEARCH_USER_PATHS = NO;
				CLANG_CXX_LANGUAGE_STANDARD = "gnu++0x";
				CLANG_CXX_LIBRARY = "libc++";
				CLANG_ENABLE_MODULES = YES;
				CLANG_ENABLE_OBJC_ARC = YES;
				CLANG_WARN_BOOL_CONVERSION = YES;
				CLANG_WARN_CONSTANT_CONVERSION = YES;
				CLANG_WARN_DIRECT_OBJC_ISA_USAGE = YES_ERROR;
				CLANG_WARN_EMPTY_BODY = YES;
				CLANG_WARN_ENUM_CONVERSION = YES;
				CLANG_WARN_INT_CONVERSION = YES;
				CLANG_WARN_OBJC_ROOT_CLASS = YES_ERROR;
				CLANG_WARN_UNREACHABLE_CODE = YES;
				CLANG_WARN__DUPLICATE_METHOD_MATCH = YES;
				"CODE_SIGN_IDENTITY[sdk=iphoneos*]" = "iPhone Developer";
				COPY_PHASE_STRIP = NO;
				DEBUG_INFORMATION_FORMAT = "dwarf-with-dsym";
				ENABLE_NS_ASSERTIONS = NO;
				ENABLE_STRICT_OBJC_MSGSEND = YES;
				GCC_C_LANGUAGE_STANDARD = gnu99;
				GCC_NO_COMMON_BLOCKS = YES;
				GCC_WARN_64_TO_32_BIT_CONVERSION = YES;
				GCC_WARN_ABOUT_RETURN_TYPE = YES_ERROR;
				GCC_WARN_UNDECLARED_SELECTOR = YES;
				GCC_WARN_UNINITIALIZED_AUTOS = YES_AGGRESSIVE;
				GCC_WARN_UNUSED_FUNCTION = YES;
				GCC_WARN_UNUSED_VARIABLE = YES;
				IPHONEOS_DEPLOYMENT_TARGET = 8.3;
				MTL_ENABLE_DEBUG_INFO = NO;
				SDKROOT = iphoneos;
				VALIDATE_PRODUCT = YES;
			};
			name = Release;
		};
		E322F94C1AA34E8F001A514B /* Debug */ = {
			isa = XCBuildConfiguration;
			buildSettings = {
				ASSETCATALOG_COMPILER_APPICON_NAME = AppIcon;
				INFOPLIST_FILE = OpenWeatherMap/Info.plist;
				LD_RUNPATH_SEARCH_PATHS = "$(inherited) @executable_path/Frameworks";
				PRODUCT_NAME = "$(TARGET_NAME)";
			};
			name = Debug;
		};
		E322F94D1AA34E8F001A514B /* Release */ = {
			isa = XCBuildConfiguration;
			buildSettings = {
				ASSETCATALOG_COMPILER_APPICON_NAME = AppIcon;
				INFOPLIST_FILE = OpenWeatherMap/Info.plist;
				LD_RUNPATH_SEARCH_PATHS = "$(inherited) @executable_path/Frameworks";
				PRODUCT_NAME = "$(TARGET_NAME)";
			};
			name = Release;
		};
		E322F94F1AA34E8F001A514B /* Debug */ = {
			isa = XCBuildConfiguration;
			buildSettings = {
				BUNDLE_LOADER = "$(TEST_HOST)";
				FRAMEWORK_SEARCH_PATHS = (
					"$(SDKROOT)/Developer/Library/Frameworks",
					"$(inherited)",
				);
				GCC_PREPROCESSOR_DEFINITIONS = (
					"DEBUG=1",
					"$(inherited)",
				);
				INFOPLIST_FILE = OpenWeatherMapTests/Info.plist;
				LD_RUNPATH_SEARCH_PATHS = "$(inherited) @executable_path/Frameworks @loader_path/Frameworks";
				PRODUCT_NAME = "$(TARGET_NAME)";
				TEST_HOST = "$(BUILT_PRODUCTS_DIR)/OpenWeatherMap.app/OpenWeatherMap";
			};
			name = Debug;
		};
		E322F9501AA34E8F001A514B /* Release */ = {
			isa = XCBuildConfiguration;
			buildSettings = {
				BUNDLE_LOADER = "$(TEST_HOST)";
				FRAMEWORK_SEARCH_PATHS = (
					"$(SDKROOT)/Developer/Library/Frameworks",
					"$(inherited)",
				);
				INFOPLIST_FILE = OpenWeatherMapTests/Info.plist;
				LD_RUNPATH_SEARCH_PATHS = "$(inherited) @executable_path/Frameworks @loader_path/Frameworks";
				PRODUCT_NAME = "$(TARGET_NAME)";
				TEST_HOST = "$(BUILT_PRODUCTS_DIR)/OpenWeatherMap.app/OpenWeatherMap";
			};
			name = Release;
		};
/* End XCBuildConfiguration section */

/* Begin XCConfigurationList section */
		E322F9251AA34E8F001A514B /* Build configuration list for PBXProject "OpenWeatherMap" */ = {
			isa = XCConfigurationList;
			buildConfigurations = (
				E322F9491AA34E8F001A514B /* Debug */,
				E322F94A1AA34E8F001A514B /* Release */,
			);
			defaultConfigurationIsVisible = 0;
			defaultConfigurationName = Release;
		};
		E322F94B1AA34E8F001A514B /* Build configuration list for PBXNativeTarget "OpenWeatherMap" */ = {
			isa = XCConfigurationList;
			buildConfigurations = (
				E322F94C1AA34E8F001A514B /* Debug */,
				E322F94D1AA34E8F001A514B /* Release */,
			);
			defaultConfigurationIsVisible = 0;
		};
		E322F94E1AA34E8F001A514B /* Build configuration list for PBXNativeTarget "OpenWeatherMapTests" */ = {
			isa = XCConfigurationList;
			buildConfigurations = (
				E322F94F1AA34E8F001A514B /* Debug */,
				E322F9501AA34E8F001A514B /* Release */,
			);
			defaultConfigurationIsVisible = 0;
		};
/* End XCConfigurationList section */
	};
	rootObject = E322F9221AA34E8F001A514B /* Project object */;
}
